// !$*UTF8*$!
{
	archiveVersion = 1;
	classes = {
	};
	objectVersion = 55;
	objects = {

/* Begin PBXBuildFile section */
		841A947427DE954900330A24 /* HomeView-ViewModel.swift in Sources */ = {isa = PBXBuildFile; fileRef = 841A947327DE954900330A24 /* HomeView-ViewModel.swift */; };
		841A947627E02C3200330A24 /* LinePlot.swift in Sources */ = {isa = PBXBuildFile; fileRef = 841A947527E02C3200330A24 /* LinePlot.swift */; };
		841D2A0F27C5AA1D00B2F92B /* HistogramChart.swift in Sources */ = {isa = PBXBuildFile; fileRef = 841D2A0E27C5AA1D00B2F92B /* HistogramChart.swift */; };
		8424E184278B5EC5007639D7 /* MonthBlockView.swift in Sources */ = {isa = PBXBuildFile; fileRef = 8424E183278B5EC5007639D7 /* MonthBlockView.swift */; };
		8424E189278BDF2F007639D7 /* BlockTitle.swift in Sources */ = {isa = PBXBuildFile; fileRef = 8424E188278BDF2F007639D7 /* BlockTitle.swift */; };
		8424E18B278BE4E0007639D7 /* AddNoteView.swift in Sources */ = {isa = PBXBuildFile; fileRef = 8424E18A278BE4E0007639D7 /* AddNoteView.swift */; };
		8424E192278D0DDD007639D7 /* Gradient.xcdatamodeld in Sources */ = {isa = PBXBuildFile; fileRef = 8424E190278D0DDD007639D7 /* Gradient.xcdatamodeld */; };
		8424E194278D173C007639D7 /* GradientGenerator.swift in Sources */ = {isa = PBXBuildFile; fileRef = 8424E193278D173C007639D7 /* GradientGenerator.swift */; };
		843040282795FEFB008B901D /* DataController.swift in Sources */ = {isa = PBXBuildFile; fileRef = 843040272795FEFA008B901D /* DataController.swift */; };
		8430402D27960019008B901D /* Entry+CoreDataClass.swift in Sources */ = {isa = PBXBuildFile; fileRef = 8430402927960019008B901D /* Entry+CoreDataClass.swift */; };
		8430402E27960019008B901D /* Entry+CoreDataProperties.swift in Sources */ = {isa = PBXBuildFile; fileRef = 8430402A27960019008B901D /* Entry+CoreDataProperties.swift */; };
		8430402F27960019008B901D /* Note+CoreDataClass.swift in Sources */ = {isa = PBXBuildFile; fileRef = 8430402B27960019008B901D /* Note+CoreDataClass.swift */; };
		8430403027960019008B901D /* Note+CoreDataProperties.swift in Sources */ = {isa = PBXBuildFile; fileRef = 8430402C27960019008B901D /* Note+CoreDataProperties.swift */; };
		844389D727D6F600004A474D /* SettingsView.swift in Sources */ = {isa = PBXBuildFile; fileRef = 844389D627D6F600004A474D /* SettingsView.swift */; };
		847545DE277D6AAB00D6A8D8 /* SentimentBlockContent.swift in Sources */ = {isa = PBXBuildFile; fileRef = 847545DD277D6AAB00D6A8D8 /* SentimentBlockContent.swift */; };
		847545E0277E535F00D6A8D8 /* NewEntryView.swift in Sources */ = {isa = PBXBuildFile; fileRef = 847545DF277E535F00D6A8D8 /* NewEntryView.swift */; };
		847545E2277E759600D6A8D8 /* SentimentDetailView.swift in Sources */ = {isa = PBXBuildFile; fileRef = 847545E1277E759600D6A8D8 /* SentimentDetailView.swift */; };
		84CEF1EA277D5A3B00C2CB6C /* GradientApp.swift in Sources */ = {isa = PBXBuildFile; fileRef = 84CEF1E9277D5A3B00C2CB6C /* GradientApp.swift */; };
		84CEF1EC277D5A3B00C2CB6C /* HomeView.swift in Sources */ = {isa = PBXBuildFile; fileRef = 84CEF1EB277D5A3B00C2CB6C /* HomeView.swift */; };
		84CEF1EE277D5A3E00C2CB6C /* Assets.xcassets in Resources */ = {isa = PBXBuildFile; fileRef = 84CEF1ED277D5A3E00C2CB6C /* Assets.xcassets */; };
		84CEF1F1277D5A3E00C2CB6C /* Preview Assets.xcassets in Resources */ = {isa = PBXBuildFile; fileRef = 84CEF1F0277D5A3E00C2CB6C /* Preview Assets.xcassets */; };
/* End PBXBuildFile section */

/* Begin PBXFileReference section */
		841A947327DE954900330A24 /* HomeView-ViewModel.swift */ = {isa = PBXFileReference; lastKnownFileType = sourcecode.swift; path = "HomeView-ViewModel.swift"; sourceTree = "<group>"; };
		841A947527E02C3200330A24 /* LinePlot.swift */ = {isa = PBXFileReference; lastKnownFileType = sourcecode.swift; path = LinePlot.swift; sourceTree = "<group>"; };
		841D2A0E27C5AA1D00B2F92B /* HistogramChart.swift */ = {isa = PBXFileReference; lastKnownFileType = sourcecode.swift; path = HistogramChart.swift; sourceTree = "<group>"; };
		8424E183278B5EC5007639D7 /* MonthBlockView.swift */ = {isa = PBXFileReference; lastKnownFileType = sourcecode.swift; path = MonthBlockView.swift; sourceTree = "<group>"; };
		8424E188278BDF2F007639D7 /* BlockTitle.swift */ = {isa = PBXFileReference; lastKnownFileType = sourcecode.swift; path = BlockTitle.swift; sourceTree = "<group>"; };
		8424E18A278BE4E0007639D7 /* AddNoteView.swift */ = {isa = PBXFileReference; lastKnownFileType = sourcecode.swift; path = AddNoteView.swift; sourceTree = "<group>"; };
		8424E191278D0DDD007639D7 /* Gradient.xcdatamodel */ = {isa = PBXFileReference; lastKnownFileType = wrapper.xcdatamodel; path = Gradient.xcdatamodel; sourceTree = "<group>"; };
		8424E193278D173C007639D7 /* GradientGenerator.swift */ = {isa = PBXFileReference; lastKnownFileType = sourcecode.swift; path = GradientGenerator.swift; sourceTree = "<group>"; };
		843040272795FEFA008B901D /* DataController.swift */ = {isa = PBXFileReference; fileEncoding = 4; lastKnownFileType = sourcecode.swift; path = DataController.swift; sourceTree = "<group>"; };
		8430402927960019008B901D /* Entry+CoreDataClass.swift */ = {isa = PBXFileReference; lastKnownFileType = sourcecode.swift; path = "Entry+CoreDataClass.swift"; sourceTree = "<group>"; };
		8430402A27960019008B901D /* Entry+CoreDataProperties.swift */ = {isa = PBXFileReference; lastKnownFileType = sourcecode.swift; path = "Entry+CoreDataProperties.swift"; sourceTree = "<group>"; };
		8430402B27960019008B901D /* Note+CoreDataClass.swift */ = {isa = PBXFileReference; lastKnownFileType = sourcecode.swift; path = "Note+CoreDataClass.swift"; sourceTree = "<group>"; };
		8430402C27960019008B901D /* Note+CoreDataProperties.swift */ = {isa = PBXFileReference; lastKnownFileType = sourcecode.swift; path = "Note+CoreDataProperties.swift"; sourceTree = "<group>"; };
		844389D627D6F600004A474D /* SettingsView.swift */ = {isa = PBXFileReference; lastKnownFileType = sourcecode.swift; path = SettingsView.swift; sourceTree = "<group>"; };
		847545DD277D6AAB00D6A8D8 /* SentimentBlockContent.swift */ = {isa = PBXFileReference; lastKnownFileType = sourcecode.swift; path = SentimentBlockContent.swift; sourceTree = "<group>"; };
		847545DF277E535F00D6A8D8 /* NewEntryView.swift */ = {isa = PBXFileReference; lastKnownFileType = sourcecode.swift; name = NewEntryView.swift; path = Gradient/NewEntryView.swift; sourceTree = SOURCE_ROOT; };
		847545E1277E759600D6A8D8 /* SentimentDetailView.swift */ = {isa = PBXFileReference; lastKnownFileType = sourcecode.swift; path = SentimentDetailView.swift; sourceTree = "<group>"; };
		84CEF1E6277D5A3B00C2CB6C /* Gradient.app */ = {isa = PBXFileReference; explicitFileType = wrapper.application; includeInIndex = 0; path = Gradient.app; sourceTree = BUILT_PRODUCTS_DIR; };
		84CEF1E9277D5A3B00C2CB6C /* GradientApp.swift */ = {isa = PBXFileReference; lastKnownFileType = sourcecode.swift; path = GradientApp.swift; sourceTree = "<group>"; };
		84CEF1EB277D5A3B00C2CB6C /* HomeView.swift */ = {isa = PBXFileReference; lastKnownFileType = sourcecode.swift; path = HomeView.swift; sourceTree = "<group>"; };
		84CEF1ED277D5A3E00C2CB6C /* Assets.xcassets */ = {isa = PBXFileReference; lastKnownFileType = folder.assetcatalog; path = Assets.xcassets; sourceTree = "<group>"; };
		84CEF1F0277D5A3E00C2CB6C /* Preview Assets.xcassets */ = {isa = PBXFileReference; lastKnownFileType = folder.assetcatalog; path = "Preview Assets.xcassets"; sourceTree = "<group>"; };
/* End PBXFileReference section */

/* Begin PBXFrameworksBuildPhase section */
		84CEF1E3277D5A3B00C2CB6C /* Frameworks */ = {
			isa = PBXFrameworksBuildPhase;
			buildActionMask = 2147483647;
			files = (
			);
			runOnlyForDeploymentPostprocessing = 0;
		};
/* End PBXFrameworksBuildPhase section */

/* Begin PBXGroup section */
		84CEF1DD277D5A3B00C2CB6C = {
			isa = PBXGroup;
			children = (
				84CEF1E8277D5A3B00C2CB6C /* Gradient */,
				84CEF1E7277D5A3B00C2CB6C /* Products */,
			);
			sourceTree = "<group>";
		};
		84CEF1E7277D5A3B00C2CB6C /* Products */ = {
			isa = PBXGroup;
			children = (
				84CEF1E6277D5A3B00C2CB6C /* Gradient.app */,
			);
			name = Products;
			sourceTree = "<group>";
		};
		84CEF1E8277D5A3B00C2CB6C /* Gradient */ = {
			isa = PBXGroup;
			children = (
				841A947527E02C3200330A24 /* LinePlot.swift */,
				844389D627D6F600004A474D /* SettingsView.swift */,
				8430402927960019008B901D /* Entry+CoreDataClass.swift */,
				8430402A27960019008B901D /* Entry+CoreDataProperties.swift */,
				8430402B27960019008B901D /* Note+CoreDataClass.swift */,
				8430402C27960019008B901D /* Note+CoreDataProperties.swift */,
				843040272795FEFA008B901D /* DataController.swift */,
				847545DF277E535F00D6A8D8 /* NewEntryView.swift */,
				8424E193278D173C007639D7 /* GradientGenerator.swift */,
				847545E1277E759600D6A8D8 /* SentimentDetailView.swift */,
				841D2A0E27C5AA1D00B2F92B /* HistogramChart.swift */,
				84CEF1E9277D5A3B00C2CB6C /* GradientApp.swift */,
				84CEF1EB277D5A3B00C2CB6C /* HomeView.swift */,
				841A947327DE954900330A24 /* HomeView-ViewModel.swift */,
				8424E188278BDF2F007639D7 /* BlockTitle.swift */,
				8424E183278B5EC5007639D7 /* MonthBlockView.swift */,
				8424E18A278BE4E0007639D7 /* AddNoteView.swift */,
				847545DD277D6AAB00D6A8D8 /* SentimentBlockContent.swift */,
				8424E190278D0DDD007639D7 /* Gradient.xcdatamodeld */,
				84CEF1ED277D5A3E00C2CB6C /* Assets.xcassets */,
				84CEF1EF277D5A3E00C2CB6C /* Preview Content */,
			);
			path = Gradient;
			sourceTree = "<group>";
		};
		84CEF1EF277D5A3E00C2CB6C /* Preview Content */ = {
			isa = PBXGroup;
			children = (
				84CEF1F0277D5A3E00C2CB6C /* Preview Assets.xcassets */,
			);
			path = "Preview Content";
			sourceTree = "<group>";
		};
/* End PBXGroup section */

/* Begin PBXNativeTarget section */
		84CEF1E5277D5A3B00C2CB6C /* Gradient */ = {
			isa = PBXNativeTarget;
			buildConfigurationList = 84CEF1F4277D5A3E00C2CB6C /* Build configuration list for PBXNativeTarget "Gradient" */;
			buildPhases = (
				84CEF1E2277D5A3B00C2CB6C /* Sources */,
				84CEF1E3277D5A3B00C2CB6C /* Frameworks */,
				84CEF1E4277D5A3B00C2CB6C /* Resources */,
			);
			buildRules = (
			);
			dependencies = (
			);
			name = Gradient;
			packageProductDependencies = (
			);
			productName = Gradient;
			productReference = 84CEF1E6277D5A3B00C2CB6C /* Gradient.app */;
			productType = "com.apple.product-type.application";
		};
/* End PBXNativeTarget section */

/* Begin PBXProject section */
		84CEF1DE277D5A3B00C2CB6C /* Project object */ = {
			isa = PBXProject;
			attributes = {
				BuildIndependentTargetsInParallel = 1;
				LastSwiftUpdateCheck = 1320;
				LastUpgradeCheck = 1320;
				TargetAttributes = {
					84CEF1E5277D5A3B00C2CB6C = {
						CreatedOnToolsVersion = 13.2.1;
					};
				};
			};
			buildConfigurationList = 84CEF1E1277D5A3B00C2CB6C /* Build configuration list for PBXProject "Gradient" */;
			compatibilityVersion = "Xcode 13.0";
			developmentRegion = en;
			hasScannedForEncodings = 0;
			knownRegions = (
				en,
				Base,
			);
			mainGroup = 84CEF1DD277D5A3B00C2CB6C;
			packageReferences = (
			);
			productRefGroup = 84CEF1E7277D5A3B00C2CB6C /* Products */;
			projectDirPath = "";
			projectRoot = "";
			targets = (
				84CEF1E5277D5A3B00C2CB6C /* Gradient */,
			);
		};
/* End PBXProject section */

/* Begin PBXResourcesBuildPhase section */
		84CEF1E4277D5A3B00C2CB6C /* Resources */ = {
			isa = PBXResourcesBuildPhase;
			buildActionMask = 2147483647;
			files = (
				84CEF1F1277D5A3E00C2CB6C /* Preview Assets.xcassets in Resources */,
				84CEF1EE277D5A3E00C2CB6C /* Assets.xcassets in Resources */,
			);
			runOnlyForDeploymentPostprocessing = 0;
		};
/* End PBXResourcesBuildPhase section */

/* Begin PBXSourcesBuildPhase section */
		84CEF1E2277D5A3B00C2CB6C /* Sources */ = {
			isa = PBXSourcesBuildPhase;
			buildActionMask = 2147483647;
			files = (
				84CEF1EC277D5A3B00C2CB6C /* HomeView.swift in Sources */,
				8430402F27960019008B901D /* Note+CoreDataClass.swift in Sources */,
				841A947427DE954900330A24 /* HomeView-ViewModel.swift in Sources */,
				8424E194278D173C007639D7 /* GradientGenerator.swift in Sources */,
				8424E192278D0DDD007639D7 /* Gradient.xcdatamodeld in Sources */,
				847545E0277E535F00D6A8D8 /* NewEntryView.swift in Sources */,
				844389D727D6F600004A474D /* SettingsView.swift in Sources */,
				841A947627E02C3200330A24 /* LinePlot.swift in Sources */,
				847545E2277E759600D6A8D8 /* SentimentDetailView.swift in Sources */,
				8430402E27960019008B901D /* Entry+CoreDataProperties.swift in Sources */,
				843040282795FEFB008B901D /* DataController.swift in Sources */,
				84CEF1EA277D5A3B00C2CB6C /* GradientApp.swift in Sources */,
				8424E189278BDF2F007639D7 /* BlockTitle.swift in Sources */,
				847545DE277D6AAB00D6A8D8 /* SentimentBlockContent.swift in Sources */,
				8424E18B278BE4E0007639D7 /* AddNoteView.swift in Sources */,
				8430402D27960019008B901D /* Entry+CoreDataClass.swift in Sources */,
				8424E184278B5EC5007639D7 /* MonthBlockView.swift in Sources */,
				841D2A0F27C5AA1D00B2F92B /* HistogramChart.swift in Sources */,
				8430403027960019008B901D /* Note+CoreDataProperties.swift in Sources */,
			);
			runOnlyForDeploymentPostprocessing = 0;
		};
/* End PBXSourcesBuildPhase section */

/* Begin XCBuildConfiguration section */
		84CEF1F2277D5A3E00C2CB6C /* Debug */ = {
			isa = XCBuildConfiguration;
			buildSettings = {
				ALWAYS_SEARCH_USER_PATHS = NO;
				CLANG_ANALYZER_NONNULL = YES;
				CLANG_ANALYZER_NUMBER_OBJECT_CONVERSION = YES_AGGRESSIVE;
				CLANG_CXX_LANGUAGE_STANDARD = "gnu++17";
				CLANG_CXX_LIBRARY = "libc++";
				CLANG_ENABLE_MODULES = YES;
				CLANG_ENABLE_OBJC_ARC = YES;
				CLANG_ENABLE_OBJC_WEAK = YES;
				CLANG_WARN_BLOCK_CAPTURE_AUTORELEASING = YES;
				CLANG_WARN_BOOL_CONVERSION = YES;
				CLANG_WARN_COMMA = YES;
				CLANG_WARN_CONSTANT_CONVERSION = YES;
				CLANG_WARN_DEPRECATED_OBJC_IMPLEMENTATIONS = YES;
				CLANG_WARN_DIRECT_OBJC_ISA_USAGE = YES_ERROR;
				CLANG_WARN_DOCUMENTATION_COMMENTS = YES;
				CLANG_WARN_EMPTY_BODY = YES;
				CLANG_WARN_ENUM_CONVERSION = YES;
				CLANG_WARN_INFINITE_RECURSION = YES;
				CLANG_WARN_INT_CONVERSION = YES;
				CLANG_WARN_NON_LITERAL_NULL_CONVERSION = YES;
				CLANG_WARN_OBJC_IMPLICIT_RETAIN_SELF = YES;
				CLANG_WARN_OBJC_LITERAL_CONVERSION = YES;
				CLANG_WARN_OBJC_ROOT_CLASS = YES_ERROR;
				CLANG_WARN_QUOTED_INCLUDE_IN_FRAMEWORK_HEADER = YES;
				CLANG_WARN_RANGE_LOOP_ANALYSIS = YES;
				CLANG_WARN_STRICT_PROTOTYPES = YES;
				CLANG_WARN_SUSPICIOUS_MOVE = YES;
				CLANG_WARN_UNGUARDED_AVAILABILITY = YES_AGGRESSIVE;
				CLANG_WARN_UNREACHABLE_CODE = YES;
				CLANG_WARN__DUPLICATE_METHOD_MATCH = YES;
				COPY_PHASE_STRIP = NO;
				DEBUG_INFORMATION_FORMAT = dwarf;
				ENABLE_STRICT_OBJC_MSGSEND = YES;
				ENABLE_TESTABILITY = YES;
				GCC_C_LANGUAGE_STANDARD = gnu11;
				GCC_DYNAMIC_NO_PIC = NO;
				GCC_NO_COMMON_BLOCKS = YES;
				GCC_OPTIMIZATION_LEVEL = 0;
				GCC_PREPROCESSOR_DEFINITIONS = (
					"DEBUG=1",
					"$(inherited)",
				);
				GCC_WARN_64_TO_32_BIT_CONVERSION = YES;
				GCC_WARN_ABOUT_RETURN_TYPE = YES_ERROR;
				GCC_WARN_UNDECLARED_SELECTOR = YES;
				GCC_WARN_UNINITIALIZED_AUTOS = YES_AGGRESSIVE;
				GCC_WARN_UNUSED_FUNCTION = YES;
				GCC_WARN_UNUSED_VARIABLE = YES;
				IPHONEOS_DEPLOYMENT_TARGET = 15.2;
				MTL_ENABLE_DEBUG_INFO = INCLUDE_SOURCE;
				MTL_FAST_MATH = YES;
				ONLY_ACTIVE_ARCH = YES;
				SDKROOT = iphoneos;
				SWIFT_ACTIVE_COMPILATION_CONDITIONS = DEBUG;
				SWIFT_OPTIMIZATION_LEVEL = "-Onone";
			};
			name = Debug;
		};
		84CEF1F3277D5A3E00C2CB6C /* Release */ = {
			isa = XCBuildConfiguration;
			buildSettings = {
				ALWAYS_SEARCH_USER_PATHS = NO;
				CLANG_ANALYZER_NONNULL = YES;
				CLANG_ANALYZER_NUMBER_OBJECT_CONVERSION = YES_AGGRESSIVE;
				CLANG_CXX_LANGUAGE_STANDARD = "gnu++17";
				CLANG_CXX_LIBRARY = "libc++";
				CLANG_ENABLE_MODULES = YES;
				CLANG_ENABLE_OBJC_ARC = YES;
				CLANG_ENABLE_OBJC_WEAK = YES;
				CLANG_WARN_BLOCK_CAPTURE_AUTORELEASING = YES;
				CLANG_WARN_BOOL_CONVERSION = YES;
				CLANG_WARN_COMMA = YES;
				CLANG_WARN_CONSTANT_CONVERSION = YES;
				CLANG_WARN_DEPRECATED_OBJC_IMPLEMENTATIONS = YES;
				CLANG_WARN_DIRECT_OBJC_ISA_USAGE = YES_ERROR;
				CLANG_WARN_DOCUMENTATION_COMMENTS = YES;
				CLANG_WARN_EMPTY_BODY = YES;
				CLANG_WARN_ENUM_CONVERSION = YES;
				CLANG_WARN_INFINITE_RECURSION = YES;
				CLANG_WARN_INT_CONVERSION = YES;
				CLANG_WARN_NON_LITERAL_NULL_CONVERSION = YES;
				CLANG_WARN_OBJC_IMPLICIT_RETAIN_SELF = YES;
				CLANG_WARN_OBJC_LITERAL_CONVERSION = YES;
				CLANG_WARN_OBJC_ROOT_CLASS = YES_ERROR;
				CLANG_WARN_QUOTED_INCLUDE_IN_FRAMEWORK_HEADER = YES;
				CLANG_WARN_RANGE_LOOP_ANALYSIS = YES;
				CLANG_WARN_STRICT_PROTOTYPES = YES;
				CLANG_WARN_SUSPICIOUS_MOVE = YES;
				CLANG_WARN_UNGUARDED_AVAILABILITY = YES_AGGRESSIVE;
				CLANG_WARN_UNREACHABLE_CODE = YES;
				CLANG_WARN__DUPLICATE_METHOD_MATCH = YES;
				COPY_PHASE_STRIP = NO;
				DEBUG_INFORMATION_FORMAT = "dwarf-with-dsym";
				ENABLE_NS_ASSERTIONS = NO;
				ENABLE_STRICT_OBJC_MSGSEND = YES;
				GCC_C_LANGUAGE_STANDARD = gnu11;
				GCC_NO_COMMON_BLOCKS = YES;
				GCC_WARN_64_TO_32_BIT_CONVERSION = YES;
				GCC_WARN_ABOUT_RETURN_TYPE = YES_ERROR;
				GCC_WARN_UNDECLARED_SELECTOR = YES;
				GCC_WARN_UNINITIALIZED_AUTOS = YES_AGGRESSIVE;
				GCC_WARN_UNUSED_FUNCTION = YES;
				GCC_WARN_UNUSED_VARIABLE = YES;
				IPHONEOS_DEPLOYMENT_TARGET = 15.2;
				MTL_ENABLE_DEBUG_INFO = NO;
				MTL_FAST_MATH = YES;
				SDKROOT = iphoneos;
				SWIFT_COMPILATION_MODE = wholemodule;
				SWIFT_OPTIMIZATION_LEVEL = "-O";
				VALIDATE_PRODUCT = YES;
			};
			name = Release;
		};
		84CEF1F5277D5A3E00C2CB6C /* Debug */ = {
			isa = XCBuildConfiguration;
			buildSettings = {
				ASSETCATALOG_COMPILER_APPICON_NAME = AppIcon;
				ASSETCATALOG_COMPILER_GLOBAL_ACCENT_COLOR_NAME = AccentColor;
				CODE_SIGN_STYLE = Automatic;
				CURRENT_PROJECT_VERSION = 1;
				DEVELOPMENT_ASSET_PATHS = "\"Gradient/Preview Content\"";
				DEVELOPMENT_TEAM = 6RBNGV4B52;
				ENABLE_PREVIEWS = YES;
				GENERATE_INFOPLIST_FILE = YES;
				INFOPLIST_KEY_UIApplicationSceneManifest_Generation = YES;
				INFOPLIST_KEY_UIApplicationSupportsIndirectInputEvents = YES;
				INFOPLIST_KEY_UILaunchScreen_Generation = YES;
				INFOPLIST_KEY_UISupportedInterfaceOrientations_iPad = "UIInterfaceOrientationPortrait UIInterfaceOrientationPortraitUpsideDown UIInterfaceOrientationLandscapeLeft UIInterfaceOrientationLandscapeRight";
				INFOPLIST_KEY_UISupportedInterfaceOrientations_iPhone = "UIInterfaceOrientationPortrait UIInterfaceOrientationLandscapeLeft UIInterfaceOrientationLandscapeRight";
				LD_RUNPATH_SEARCH_PATHS = (
					"$(inherited)",
					"@executable_path/Frameworks",
				);
				MARKETING_VERSION = 0.1;
				PRODUCT_BUNDLE_IDENTIFIER = com.whatbrentdo.gradient;
				PRODUCT_NAME = "$(TARGET_NAME)";
				SWIFT_EMIT_LOC_STRINGS = YES;
				SWIFT_VERSION = 5.0;
				TARGETED_DEVICE_FAMILY = "1,2";
			};
			name = Debug;
		};
		84CEF1F6277D5A3E00C2CB6C /* Release */ = {
			isa = XCBuildConfiguration;
			buildSettings = {
				ASSETCATALOG_COMPILER_APPICON_NAME = AppIcon;
				ASSETCATALOG_COMPILER_GLOBAL_ACCENT_COLOR_NAME = AccentColor;
				CODE_SIGN_STYLE = Automatic;
				CURRENT_PROJECT_VERSION = 1;
				DEVELOPMENT_ASSET_PATHS = "\"Gradient/Preview Content\"";
				DEVELOPMENT_TEAM = 6RBNGV4B52;
				ENABLE_PREVIEWS = YES;
				GENERATE_INFOPLIST_FILE = YES;
				INFOPLIST_KEY_UIApplicationSceneManifest_Generation = YES;
				INFOPLIST_KEY_UIApplicationSupportsIndirectInputEvents = YES;
				INFOPLIST_KEY_UILaunchScreen_Generation = YES;
				INFOPLIST_KEY_UISupportedInterfaceOrientations_iPad = "UIInterfaceOrientationPortrait UIInterfaceOrientationPortraitUpsideDown UIInterfaceOrientationLandscapeLeft UIInterfaceOrientationLandscapeRight";
				INFOPLIST_KEY_UISupportedInterfaceOrientations_iPhone = "UIInterfaceOrientationPortrait UIInterfaceOrientationLandscapeLeft UIInterfaceOrientationLandscapeRight";
				LD_RUNPATH_SEARCH_PATHS = (
					"$(inherited)",
					"@executable_path/Frameworks",
				);
				MARKETING_VERSION = 0.1;
				PRODUCT_BUNDLE_IDENTIFIER = com.whatbrentdo.gradient;
				PRODUCT_NAME = "$(TARGET_NAME)";
				SWIFT_EMIT_LOC_STRINGS = YES;
				SWIFT_VERSION = 5.0;
				TARGETED_DEVICE_FAMILY = "1,2";
			};
			name = Release;
		};
/* End XCBuildConfiguration section */

/* Begin XCConfigurationList section */
		84CEF1E1277D5A3B00C2CB6C /* Build configuration list for PBXProject "Gradient" */ = {
			isa = XCConfigurationList;
			buildConfigurations = (
				84CEF1F2277D5A3E00C2CB6C /* Debug */,
				84CEF1F3277D5A3E00C2CB6C /* Release */,
			);
			defaultConfigurationIsVisible = 0;
			defaultConfigurationName = Release;
		};
		84CEF1F4277D5A3E00C2CB6C /* Build configuration list for PBXNativeTarget "Gradient" */ = {
			isa = XCConfigurationList;
			buildConfigurations = (
				84CEF1F5277D5A3E00C2CB6C /* Debug */,
				84CEF1F6277D5A3E00C2CB6C /* Release */,
			);
			defaultConfigurationIsVisible = 0;
			defaultConfigurationName = Release;
		};
/* End XCConfigurationList section */

/* Begin XCVersionGroup section */
		8424E190278D0DDD007639D7 /* Gradient.xcdatamodeld */ = {
			isa = XCVersionGroup;
			children = (
				8424E191278D0DDD007639D7 /* Gradient.xcdatamodel */,
			);
			currentVersion = 8424E191278D0DDD007639D7 /* Gradient.xcdatamodel */;
			path = Gradient.xcdatamodeld;
			sourceTree = "<group>";
			versionGroupType = wrapper.xcdatamodel;
		};
/* End XCVersionGroup section */
	};
	rootObject = 84CEF1DE277D5A3B00C2CB6C /* Project object */;
}
